{
  "name": "blog",
  "lockfileVersion": 2,
  "requires": true,
  "packages": {
    "": {
      "dependencies": {
        "gitbook-plugin-chapter-fold": "^0.0.4",
        "gitbook-plugin-expandable-chapters-small": "^0.1.7"
      }
    },
    "node_modules/gitbook-plugin-chapter-fold": {
      "version": "0.0.4",
      "resolved": "https://registry.npmjs.org/gitbook-plugin-chapter-fold/-/gitbook-plugin-chapter-fold-0.0.4.tgz",
      "integrity": "sha512-pszjq24KVV7sZFsaYE/3e3fA9zkdMiK4QVlfxvlOiuPpoEWuZb1BbpurZTla8aNjyqbE5ifK4BxwKlHvgcAlsg==",
      "engines": {
        "gitbook": ">=1.0.0"
      }
    },
    "node_modules/gitbook-plugin-expandable-chapters-small": {
      "version": "0.1.7",
      "resolved": "https://registry.npmjs.org/gitbook-plugin-expandable-chapters-small/-/gitbook-plugin-expandable-chapters-small-0.1.7.tgz",
      "integrity": "sha512-bgmPN6AtXqFXH1q9HgWRHJbx0OXS3nuCU8gLgWEARz8adbFaW0p98NTCX3CaEuYTuU3t/UYWASAjQqI+zpCdng==",
      "engines": {
        "gitbook": ">=0.4.6"
      }
    }
  },
  "dependencies": {
    "gitbook-plugin-chapter-fold": {
      "version": "0.0.4",
      "resolved": "https://registry.npmjs.org/gitbook-plugin-chapter-fold/-/gitbook-plugin-chapter-fold-0.0.4.tgz",
      "integrity": "sha512-pszjq24KVV7sZFsaYE/3e3fA9zkdMiK4QVlfxvlOiuPpoEWuZb1BbpurZTla8aNjyqbE5ifK4BxwKlHvgcAlsg=="
    },
    "gitbook-plugin-expandable-chapters-small": {
      "version": "0.1.7",
      "resolved": "https://registry.npmjs.org/gitbook-plugin-expandable-chapters-small/-/gitbook-plugin-expandable-chapters-small-0.1.7.tgz",
      "integrity": "sha512-bgmPN6AtXqFXH1q9HgWRHJbx0OXS3nuCU8gLgWEARz8adbFaW0p98NTCX3CaEuYTuU3t/UYWASAjQqI+zpCdng=="
    }
  }
}
